
Microsoft Visual Studio Solution File, Format Version 12.00
# Visual Studio Version 16
VisualStudioVersion = 16.0.29411.108
MinimumVisualStudioVersion = 10.0.40219.1
Project("{FAE04EC0-301F-11D3-BF4B-00C04F79EFBC}") = "Leaflet Solution", "Leaflet Solution\Leaflet Solution.csproj", "{061B2751-3EAB-49DA-BE40-703DF4E287B1}"
EndProject
Global
	GlobalSection(SolutionConfigurationPlatforms) = preSolution
		Debug|Any CPU = Debug|Any CPU
		Release|Any CPU = Release|Any CPU
	EndGlobalSection
	GlobalSection(ProjectConfigurationPlatforms) = postSolution
		{061B2751-3EAB-49DA-BE40-703DF4E287B1}.Debug|Any CPU.ActiveCfg = Debug|Any CPU
		{061B2751-3EAB-49DA-BE40-703DF4E287B1}.Debug|Any CPU.Build.0 = Debug|Any CPU
		{061B2751-3EAB-49DA-BE40-703DF4E287B1}.Release|Any CPU.ActiveCfg = Release|Any CPU
		{061B2751-3EAB-49DA-BE40-703DF4E287B1}.Release|Any CPU.Build.0 = Release|Any CPU
	EndGlobalSection
	GlobalSection(SolutionProperties) = preSolution
		HideSolutionNode = FALSE
	EndGlobalSection
	GlobalSection(ExtensibilityGlobals) = postSolution
		SolutionGuid = {227E153D-EBB6-4DEA-8726-8D545F230243}
	EndGlobalSection
EndGlobal
